
Microsoft Visual Studio Solution File, Format Version 12.00
# Visual Studio Version 17
VisualStudioVersion = 17.1.32414.318
MinimumVisualStudioVersion = 10.0.40219.1
Project("{FAE04EC0-301F-11D3-BF4B-00C04F79EFBC}") = "WbApp", "WbApp\WbApp.csproj", "{D1CC0140-32A6-4EFA-A7E1-BFDD383BA807}"
EndProject
Global
	GlobalSection(SolutionConfigurationPlatforms) = preSolution
		Debug|Any CPU = Debug|Any CPU
		Release|Any CPU = Release|Any CPU
	EndGlobalSection
	GlobalSection(ProjectConfigurationPlatforms) = postSolution
		{D1CC0140-32A6-4EFA-A7E1-BFDD383BA807}.Debug|Any CPU.ActiveCfg = Debug|Any CPU
		{D1CC0140-32A6-4EFA-A7E1-BFDD383BA807}.Debug|Any CPU.Build.0 = Debug|Any CPU
		{D1CC0140-32A6-4EFA-A7E1-BFDD383BA807}.Release|Any CPU.ActiveCfg = Release|Any CPU
		{D1CC0140-32A6-4EFA-A7E1-BFDD383BA807}.Release|Any CPU.Build.0 = Release|Any CPU
	EndGlobalSection
	GlobalSection(SolutionProperties) = preSolution
		HideSolutionNode = FALSE
	EndGlobalSection
	GlobalSection(ExtensibilityGlobals) = postSolution
		SolutionGuid = {FD0B86D9-EE4B-498A-B0DD-01EF98510BB2}
	EndGlobalSection
EndGlobal
